// !$*UTF8*$!
{
	archiveVersion = 1;
	classes = {
	};
	objectVersion = 52;
	objects = {

/* Begin PBXBuildFile section */
		023F6E7E24B64F2E00FE02B9 /* SettleUpView.swift in Sources */ = {isa = PBXBuildFile; fileRef = 023F6E7C24B64ECD00FE02B9 /* SettleUpView.swift */; };
		0265E31524B63949003B976F /* AppDelegate.swift in Sources */ = {isa = PBXBuildFile; fileRef = 0265E31424B63949003B976F /* AppDelegate.swift */; };
		0265E31724B63949003B976F /* SceneDelegate.swift in Sources */ = {isa = PBXBuildFile; fileRef = 0265E31624B63949003B976F /* SceneDelegate.swift */; };
		0265E31924B63949003B976F /* ContentView.swift in Sources */ = {isa = PBXBuildFile; fileRef = 0265E31824B63949003B976F /* ContentView.swift */; };
		0265E31B24B6394E003B976F /* Assets.xcassets in Resources */ = {isa = PBXBuildFile; fileRef = 0265E31A24B6394D003B976F /* Assets.xcassets */; };
		0265E31E24B6394E003B976F /* Preview Assets.xcassets in Resources */ = {isa = PBXBuildFile; fileRef = 0265E31D24B6394E003B976F /* Preview Assets.xcassets */; };
		0265E32124B6394E003B976F /* LaunchScreen.storyboard in Resources */ = {isa = PBXBuildFile; fileRef = 0265E31F24B6394E003B976F /* LaunchScreen.storyboard */; };
		0265E32624B63A86003B976F /* SplitwiseNetworking.swift in Sources */ = {isa = PBXBuildFile; fileRef = 02EC2B2924B47BD0006486AC /* SplitwiseNetworking.swift */; };
		0265E32724B63A89003B976F /* SplitwiseModel.swift in Sources */ = {isa = PBXBuildFile; fileRef = 02EC2B2B24B47BE3006486AC /* SplitwiseModel.swift */; };
		0265E32824B63A8A003B976F /* Group.swift in Sources */ = {isa = PBXBuildFile; fileRef = 02EC2B2D24B47C27006486AC /* Group.swift */; };
		0265E32924B63A8C003B976F /* Debt.swift in Sources */ = {isa = PBXBuildFile; fileRef = 02E89B1024B4BCA4007CF587 /* Debt.swift */; };
		0265E32A24B63A8E003B976F /* User.swift in Sources */ = {isa = PBXBuildFile; fileRef = 02EC2B2F24B47C2F006486AC /* User.swift */; };
		0265E32B24B63A90003B976F /* Expense.swift in Sources */ = {isa = PBXBuildFile; fileRef = 02E89B1624B4D065007CF587 /* Expense.swift */; };
		0265E32E24B63AB5003B976F /* OAuthSwift in Frameworks */ = {isa = PBXBuildFile; productRef = 0265E32D24B63AB5003B976F /* OAuthSwift */; };
		0265E33024B63AB9003B976F /* SwiftyJSON in Frameworks */ = {isa = PBXBuildFile; productRef = 0265E32F24B63AB9003B976F /* SwiftyJSON */; };
		0265E33124B63AFD003B976F /* Helpers.swift in Sources */ = {isa = PBXBuildFile; fileRef = 02E89B1424B4C3CC007CF587 /* Helpers.swift */; };
		0265E33524B63D1D003B976F /* LoggedInView.swift in Sources */ = {isa = PBXBuildFile; fileRef = 0265E33324B63CF3003B976F /* LoggedInView.swift */; };
		0265E33824B63F6D003B976F /* GroupDetailView.swift in Sources */ = {isa = PBXBuildFile; fileRef = 0265E33624B63F6A003B976F /* GroupDetailView.swift */; };
		0265E33924B64252003B976F /* DebtView.swift in Sources */ = {isa = PBXBuildFile; fileRef = 02E89B1224B4BF22007CF587 /* DebtView.swift */; };
		0265E33C24B642E1003B976F /* ExpensesView.swift in Sources */ = {isa = PBXBuildFile; fileRef = 0265E33A24B642DF003B976F /* ExpensesView.swift */; };
		0265E33D24B6443C003B976F /* ExpenseRow.swift in Sources */ = {isa = PBXBuildFile; fileRef = 02E89B1C24B4E82B007CF587 /* ExpenseRow.swift */; };
		0265E34124B64541003B976F /* AddExpenseView.swift in Sources */ = {isa = PBXBuildFile; fileRef = 0265E34024B64541003B976F /* AddExpenseView.swift */; };
		02C6D33E24B5F6E20004054E /* AddExpenseView.swift in Sources */ = {isa = PBXBuildFile; fileRef = 02C6D33D24B5F6E20004054E /* AddExpenseView.swift */; };
		02E89B1124B4BCA4007CF587 /* Debt.swift in Sources */ = {isa = PBXBuildFile; fileRef = 02E89B1024B4BCA4007CF587 /* Debt.swift */; };
		02E89B1324B4BF22007CF587 /* DebtView.swift in Sources */ = {isa = PBXBuildFile; fileRef = 02E89B1224B4BF22007CF587 /* DebtView.swift */; };
		02E89B1524B4C3CC007CF587 /* Helpers.swift in Sources */ = {isa = PBXBuildFile; fileRef = 02E89B1424B4C3CC007CF587 /* Helpers.swift */; };
		02E89B1724B4D065007CF587 /* Expense.swift in Sources */ = {isa = PBXBuildFile; fileRef = 02E89B1624B4D065007CF587 /* Expense.swift */; };
		02E89B1924B4DCAB007CF587 /* ExpensesTableView.swift in Sources */ = {isa = PBXBuildFile; fileRef = 02E89B1824B4DCAB007CF587 /* ExpensesTableView.swift */; };
		02E89B1D24B4E82B007CF587 /* ExpenseRow.swift in Sources */ = {isa = PBXBuildFile; fileRef = 02E89B1C24B4E82B007CF587 /* ExpenseRow.swift */; };
		02E89B1F24B4F720007CF587 /* SettleUpView.swift in Sources */ = {isa = PBXBuildFile; fileRef = 02E89B1E24B4F720007CF587 /* SettleUpView.swift */; };
		02EC2B1024B47A7B006486AC /* AppDelegate.swift in Sources */ = {isa = PBXBuildFile; fileRef = 02EC2B0F24B47A7B006486AC /* AppDelegate.swift */; };
		02EC2B1224B47A7B006486AC /* ContentView.swift in Sources */ = {isa = PBXBuildFile; fileRef = 02EC2B1124B47A7B006486AC /* ContentView.swift */; };
		02EC2B1424B47A80006486AC /* Assets.xcassets in Resources */ = {isa = PBXBuildFile; fileRef = 02EC2B1324B47A80006486AC /* Assets.xcassets */; };
		02EC2B1724B47A80006486AC /* Preview Assets.xcassets in Resources */ = {isa = PBXBuildFile; fileRef = 02EC2B1624B47A80006486AC /* Preview Assets.xcassets */; };
		02EC2B1A24B47A80006486AC /* Main.storyboard in Resources */ = {isa = PBXBuildFile; fileRef = 02EC2B1824B47A80006486AC /* Main.storyboard */; };
		02EC2B2424B47B7A006486AC /* OAuthSwift in Frameworks */ = {isa = PBXBuildFile; productRef = 02EC2B2324B47B7A006486AC /* OAuthSwift */; };
		02EC2B2724B47B94006486AC /* SwiftyJSON in Frameworks */ = {isa = PBXBuildFile; productRef = 02EC2B2624B47B94006486AC /* SwiftyJSON */; };
		02EC2B2A24B47BD0006486AC /* SplitwiseNetworking.swift in Sources */ = {isa = PBXBuildFile; fileRef = 02EC2B2924B47BD0006486AC /* SplitwiseNetworking.swift */; };
		02EC2B2C24B47BE3006486AC /* SplitwiseModel.swift in Sources */ = {isa = PBXBuildFile; fileRef = 02EC2B2B24B47BE3006486AC /* SplitwiseModel.swift */; };
		02EC2B2E24B47C27006486AC /* Group.swift in Sources */ = {isa = PBXBuildFile; fileRef = 02EC2B2D24B47C27006486AC /* Group.swift */; };
		02EC2B3024B47C2F006486AC /* User.swift in Sources */ = {isa = PBXBuildFile; fileRef = 02EC2B2F24B47C2F006486AC /* User.swift */; };
		02EC2B3224B48AAC006486AC /* LoggedInView.swift in Sources */ = {isa = PBXBuildFile; fileRef = 02EC2B3124B48AAC006486AC /* LoggedInView.swift */; };
		02EC2B3424B48FE0006486AC /* GroupListView.swift in Sources */ = {isa = PBXBuildFile; fileRef = 02EC2B3324B48FE0006486AC /* GroupListView.swift */; };
		02EC2B3624B48FFD006486AC /* GroupDetailView.swift in Sources */ = {isa = PBXBuildFile; fileRef = 02EC2B3524B48FFD006486AC /* GroupDetailView.swift */; };
		02EC2B3824B4A350006486AC /* PrefView.swift in Sources */ = {isa = PBXBuildFile; fileRef = 02EC2B3724B4A350006486AC /* PrefView.swift */; };
/* End PBXBuildFile section */

/* Begin PBXFileReference section */
		023F6E7C24B64ECD00FE02B9 /* SettleUpView.swift */ = {isa = PBXFileReference; lastKnownFileType = sourcecode.swift; path = SettleUpView.swift; sourceTree = "<group>"; };
		0265E31224B63949003B976F /* Splitwise for iOS.app */ = {isa = PBXFileReference; explicitFileType = wrapper.application; includeInIndex = 0; path = "Splitwise for iOS.app"; sourceTree = BUILT_PRODUCTS_DIR; };
		0265E31424B63949003B976F /* AppDelegate.swift */ = {isa = PBXFileReference; lastKnownFileType = sourcecode.swift; path = AppDelegate.swift; sourceTree = "<group>"; };
		0265E31624B63949003B976F /* SceneDelegate.swift */ = {isa = PBXFileReference; lastKnownFileType = sourcecode.swift; path = SceneDelegate.swift; sourceTree = "<group>"; };
		0265E31824B63949003B976F /* ContentView.swift */ = {isa = PBXFileReference; lastKnownFileType = sourcecode.swift; path = ContentView.swift; sourceTree = "<group>"; };
		0265E31A24B6394D003B976F /* Assets.xcassets */ = {isa = PBXFileReference; lastKnownFileType = folder.assetcatalog; path = Assets.xcassets; sourceTree = "<group>"; };
		0265E31D24B6394E003B976F /* Preview Assets.xcassets */ = {isa = PBXFileReference; lastKnownFileType = folder.assetcatalog; path = "Preview Assets.xcassets"; sourceTree = "<group>"; };
		0265E32024B6394E003B976F /* Base */ = {isa = PBXFileReference; lastKnownFileType = file.storyboard; name = Base; path = Base.lproj/LaunchScreen.storyboard; sourceTree = "<group>"; };
		0265E32224B6394E003B976F /* Info.plist */ = {isa = PBXFileReference; lastKnownFileType = text.plist.xml; path = Info.plist; sourceTree = "<group>"; };
		0265E33324B63CF3003B976F /* LoggedInView.swift */ = {isa = PBXFileReference; lastKnownFileType = sourcecode.swift; path = LoggedInView.swift; sourceTree = "<group>"; };
		0265E33624B63F6A003B976F /* GroupDetailView.swift */ = {isa = PBXFileReference; lastKnownFileType = sourcecode.swift; path = GroupDetailView.swift; sourceTree = "<group>"; };
		0265E33A24B642DF003B976F /* ExpensesView.swift */ = {isa = PBXFileReference; lastKnownFileType = sourcecode.swift; path = ExpensesView.swift; sourceTree = "<group>"; };
		0265E34024B64541003B976F /* AddExpenseView.swift */ = {isa = PBXFileReference; lastKnownFileType = sourcecode.swift; path = AddExpenseView.swift; sourceTree = "<group>"; };
		02C6D33D24B5F6E20004054E /* AddExpenseView.swift */ = {isa = PBXFileReference; lastKnownFileType = sourcecode.swift; path = AddExpenseView.swift; sourceTree = "<group>"; };
		02E89B1024B4BCA4007CF587 /* Debt.swift */ = {isa = PBXFileReference; lastKnownFileType = sourcecode.swift; path = Debt.swift; sourceTree = "<group>"; };
		02E89B1224B4BF22007CF587 /* DebtView.swift */ = {isa = PBXFileReference; lastKnownFileType = sourcecode.swift; path = DebtView.swift; sourceTree = "<group>"; };
		02E89B1424B4C3CC007CF587 /* Helpers.swift */ = {isa = PBXFileReference; lastKnownFileType = sourcecode.swift; path = Helpers.swift; sourceTree = "<group>"; };
		02E89B1624B4D065007CF587 /* Expense.swift */ = {isa = PBXFileReference; lastKnownFileType = sourcecode.swift; path = Expense.swift; sourceTree = "<group>"; };
		02E89B1824B4DCAB007CF587 /* ExpensesTableView.swift */ = {isa = PBXFileReference; lastKnownFileType = sourcecode.swift; path = ExpensesTableView.swift; sourceTree = "<group>"; };
		02E89B1C24B4E82B007CF587 /* ExpenseRow.swift */ = {isa = PBXFileReference; lastKnownFileType = sourcecode.swift; path = ExpenseRow.swift; sourceTree = "<group>"; };
		02E89B1E24B4F720007CF587 /* SettleUpView.swift */ = {isa = PBXFileReference; lastKnownFileType = sourcecode.swift; path = SettleUpView.swift; sourceTree = "<group>"; };
		02EC2B0C24B47A7B006486AC /* Splitwise.app */ = {isa = PBXFileReference; explicitFileType = wrapper.application; includeInIndex = 0; path = Splitwise.app; sourceTree = BUILT_PRODUCTS_DIR; };
		02EC2B0F24B47A7B006486AC /* AppDelegate.swift */ = {isa = PBXFileReference; lastKnownFileType = sourcecode.swift; path = AppDelegate.swift; sourceTree = "<group>"; };
		02EC2B1124B47A7B006486AC /* ContentView.swift */ = {isa = PBXFileReference; lastKnownFileType = sourcecode.swift; path = ContentView.swift; sourceTree = "<group>"; };
		02EC2B1324B47A80006486AC /* Assets.xcassets */ = {isa = PBXFileReference; lastKnownFileType = folder.assetcatalog; path = Assets.xcassets; sourceTree = "<group>"; };
		02EC2B1624B47A80006486AC /* Preview Assets.xcassets */ = {isa = PBXFileReference; lastKnownFileType = folder.assetcatalog; path = "Preview Assets.xcassets"; sourceTree = "<group>"; };
		02EC2B1924B47A80006486AC /* Base */ = {isa = PBXFileReference; lastKnownFileType = file.storyboard; name = Base; path = Base.lproj/Main.storyboard; sourceTree = "<group>"; };
		02EC2B1B24B47A80006486AC /* Info.plist */ = {isa = PBXFileReference; lastKnownFileType = text.plist.xml; path = Info.plist; sourceTree = "<group>"; };
		02EC2B1C24B47A80006486AC /* splitwise.entitlements */ = {isa = PBXFileReference; lastKnownFileType = text.plist.entitlements; path = splitwise.entitlements; sourceTree = "<group>"; };
		02EC2B2924B47BD0006486AC /* SplitwiseNetworking.swift */ = {isa = PBXFileReference; lastKnownFileType = sourcecode.swift; path = SplitwiseNetworking.swift; sourceTree = "<group>"; };
		02EC2B2B24B47BE3006486AC /* SplitwiseModel.swift */ = {isa = PBXFileReference; lastKnownFileType = sourcecode.swift; path = SplitwiseModel.swift; sourceTree = "<group>"; };
		02EC2B2D24B47C27006486AC /* Group.swift */ = {isa = PBXFileReference; lastKnownFileType = sourcecode.swift; path = Group.swift; sourceTree = "<group>"; };
		02EC2B2F24B47C2F006486AC /* User.swift */ = {isa = PBXFileReference; lastKnownFileType = sourcecode.swift; path = User.swift; sourceTree = "<group>"; };
		02EC2B3124B48AAC006486AC /* LoggedInView.swift */ = {isa = PBXFileReference; lastKnownFileType = sourcecode.swift; path = LoggedInView.swift; sourceTree = "<group>"; };
		02EC2B3324B48FE0006486AC /* GroupListView.swift */ = {isa = PBXFileReference; lastKnownFileType = sourcecode.swift; path = GroupListView.swift; sourceTree = "<group>"; };
		02EC2B3524B48FFD006486AC /* GroupDetailView.swift */ = {isa = PBXFileReference; lastKnownFileType = sourcecode.swift; path = GroupDetailView.swift; sourceTree = "<group>"; };
		02EC2B3724B4A350006486AC /* PrefView.swift */ = {isa = PBXFileReference; lastKnownFileType = sourcecode.swift; path = PrefView.swift; sourceTree = "<group>"; };
/* End PBXFileReference section */

/* Begin PBXFrameworksBuildPhase section */
		0265E30F24B63949003B976F /* Frameworks */ = {
			isa = PBXFrameworksBuildPhase;
			buildActionMask = 2147483647;
			files = (
				0265E33024B63AB9003B976F /* SwiftyJSON in Frameworks */,
				0265E32E24B63AB5003B976F /* OAuthSwift in Frameworks */,
			);
			runOnlyForDeploymentPostprocessing = 0;
		};
		02EC2B0924B47A7B006486AC /* Frameworks */ = {
			isa = PBXFrameworksBuildPhase;
			buildActionMask = 2147483647;
			files = (
				02EC2B2724B47B94006486AC /* SwiftyJSON in Frameworks */,
				02EC2B2424B47B7A006486AC /* OAuthSwift in Frameworks */,
			);
			runOnlyForDeploymentPostprocessing = 0;
		};
/* End PBXFrameworksBuildPhase section */

/* Begin PBXGroup section */
		023F6E7B24B64E5500FE02B9 /* Shared */ = {
			isa = PBXGroup;
			children = (
				02E89B1224B4BF22007CF587 /* DebtView.swift */,
				02E89B1C24B4E82B007CF587 /* ExpenseRow.swift */,
			);
			path = Shared;
			sourceTree = "<group>";
		};
		0265E31324B63949003B976F /* iOS */ = {
			isa = PBXGroup;
			children = (
				0265E31424B63949003B976F /* AppDelegate.swift */,
				0265E31624B63949003B976F /* SceneDelegate.swift */,
				0265E31824B63949003B976F /* ContentView.swift */,
				0265E33224B63CE7003B976F /* Views */,
				0265E31A24B6394D003B976F /* Assets.xcassets */,
				0265E31F24B6394E003B976F /* LaunchScreen.storyboard */,
				0265E32224B6394E003B976F /* Info.plist */,
				0265E31C24B6394E003B976F /* Preview Content */,
			);
			path = iOS;
			sourceTree = "<group>";
		};
		0265E31C24B6394E003B976F /* Preview Content */ = {
			isa = PBXGroup;
			children = (
				0265E31D24B6394E003B976F /* Preview Assets.xcassets */,
			);
			path = "Preview Content";
			sourceTree = "<group>";
		};
		0265E32C24B63AB5003B976F /* Frameworks */ = {
			isa = PBXGroup;
			children = (
			);
			name = Frameworks;
			sourceTree = "<group>";
		};
		0265E33224B63CE7003B976F /* Views */ = {
			isa = PBXGroup;
			children = (
				0265E33324B63CF3003B976F /* LoggedInView.swift */,
				0265E33624B63F6A003B976F /* GroupDetailView.swift */,
				0265E33A24B642DF003B976F /* ExpensesView.swift */,
				0265E34024B64541003B976F /* AddExpenseView.swift */,
				023F6E7C24B64ECD00FE02B9 /* SettleUpView.swift */,
			);
			path = Views;
			sourceTree = "<group>";
		};
		02EC2B0324B47A7B006486AC = {
			isa = PBXGroup;
			children = (
				02EC2B2824B47BB9006486AC /* Models */,
				02EC2B0E24B47A7B006486AC /* macOS */,
				0265E31324B63949003B976F /* iOS */,
				023F6E7B24B64E5500FE02B9 /* Shared */,
				02EC2B0D24B47A7B006486AC /* Products */,
				0265E32C24B63AB5003B976F /* Frameworks */,
			);
			sourceTree = "<group>";
		};
		02EC2B0D24B47A7B006486AC /* Products */ = {
			isa = PBXGroup;
			children = (
				02EC2B0C24B47A7B006486AC /* Splitwise.app */,
				0265E31224B63949003B976F /* Splitwise for iOS.app */,
			);
			name = Products;
			sourceTree = "<group>";
		};
		02EC2B0E24B47A7B006486AC /* macOS */ = {
			isa = PBXGroup;
			children = (
				02EC2B3924B4A77D006486AC /* Views */,
				02EC2B0F24B47A7B006486AC /* AppDelegate.swift */,
				02EC2B1324B47A80006486AC /* Assets.xcassets */,
				02EC2B1824B47A80006486AC /* Main.storyboard */,
				02EC2B1B24B47A80006486AC /* Info.plist */,
				02EC2B1C24B47A80006486AC /* splitwise.entitlements */,
				02EC2B1524B47A80006486AC /* Preview Content */,
			);
			path = macOS;
			sourceTree = "<group>";
		};
		02EC2B1524B47A80006486AC /* Preview Content */ = {
			isa = PBXGroup;
			children = (
				02EC2B1624B47A80006486AC /* Preview Assets.xcassets */,
			);
			path = "Preview Content";
			sourceTree = "<group>";
		};
		02EC2B2824B47BB9006486AC /* Models */ = {
			isa = PBXGroup;
			children = (
				02E89B1424B4C3CC007CF587 /* Helpers.swift */,
				02EC2B2924B47BD0006486AC /* SplitwiseNetworking.swift */,
				02EC2B2B24B47BE3006486AC /* SplitwiseModel.swift */,
				02EC2B2D24B47C27006486AC /* Group.swift */,
				02E89B1024B4BCA4007CF587 /* Debt.swift */,
				02EC2B2F24B47C2F006486AC /* User.swift */,
				02E89B1624B4D065007CF587 /* Expense.swift */,
			);
			path = Models;
			sourceTree = "<group>";
		};
		02EC2B3924B4A77D006486AC /* Views */ = {
			isa = PBXGroup;
			children = (
				02EC2B3A24B4A78B006486AC /* Group Detail Subviews */,
				02EC2B3724B4A350006486AC /* PrefView.swift */,
				02EC2B1124B47A7B006486AC /* ContentView.swift */,
				02EC2B3124B48AAC006486AC /* LoggedInView.swift */,
				02EC2B3324B48FE0006486AC /* GroupListView.swift */,
				02EC2B3524B48FFD006486AC /* GroupDetailView.swift */,
			);
			path = Views;
			sourceTree = "<group>";
		};
		02EC2B3A24B4A78B006486AC /* Group Detail Subviews */ = {
			isa = PBXGroup;
			children = (
				02E89B1824B4DCAB007CF587 /* ExpensesTableView.swift */,
				02E89B1E24B4F720007CF587 /* SettleUpView.swift */,
				02C6D33D24B5F6E20004054E /* AddExpenseView.swift */,
			);
			path = "Group Detail Subviews";
			sourceTree = "<group>";
		};
/* End PBXGroup section */

/* Begin PBXNativeTarget section */
		0265E31124B63949003B976F /* Splitwise for iOS */ = {
			isa = PBXNativeTarget;
			buildConfigurationList = 0265E32524B6394E003B976F /* Build configuration list for PBXNativeTarget "Splitwise for iOS" */;
			buildPhases = (
				0265E30E24B63949003B976F /* Sources */,
				0265E30F24B63949003B976F /* Frameworks */,
				0265E31024B63949003B976F /* Resources */,
			);
			buildRules = (
			);
			dependencies = (
			);
			name = "Splitwise for iOS";
			packageProductDependencies = (
				0265E32D24B63AB5003B976F /* OAuthSwift */,
				0265E32F24B63AB9003B976F /* SwiftyJSON */,
			);
			productName = EasySplitwise;
			productReference = 0265E31224B63949003B976F /* Splitwise for iOS.app */;
			productType = "com.apple.product-type.application";
		};
		02EC2B0B24B47A7B006486AC /* Splitwise for Mac */ = {
			isa = PBXNativeTarget;
			buildConfigurationList = 02EC2B1F24B47A80006486AC /* Build configuration list for PBXNativeTarget "Splitwise for Mac" */;
			buildPhases = (
				02EC2B0824B47A7B006486AC /* Sources */,
				02EC2B0924B47A7B006486AC /* Frameworks */,
				02EC2B0A24B47A7B006486AC /* Resources */,
			);
			buildRules = (
			);
			dependencies = (
			);
			name = "Splitwise for Mac";
			packageProductDependencies = (
				02EC2B2324B47B7A006486AC /* OAuthSwift */,
				02EC2B2624B47B94006486AC /* SwiftyJSON */,
			);
			productName = splitwise;
			productReference = 02EC2B0C24B47A7B006486AC /* Splitwise.app */;
			productType = "com.apple.product-type.application";
		};
/* End PBXNativeTarget section */

/* Begin PBXProject section */
		02EC2B0424B47A7B006486AC /* Project object */ = {
			isa = PBXProject;
			attributes = {
				LastSwiftUpdateCheck = 1150;
				LastUpgradeCheck = 1150;
				ORGANIZATIONNAME = mlsgrnt;
				TargetAttributes = {
					0265E31124B63949003B976F = {
						CreatedOnToolsVersion = 11.5;
					};
					02EC2B0B24B47A7B006486AC = {
						CreatedOnToolsVersion = 11.5;
					};
				};
			};
			buildConfigurationList = 02EC2B0724B47A7B006486AC /* Build configuration list for PBXProject "splitwise" */;
			compatibilityVersion = "Xcode 9.3";
			developmentRegion = en;
			hasScannedForEncodings = 0;
			knownRegions = (
				en,
				Base,
			);
			mainGroup = 02EC2B0324B47A7B006486AC;
			packageReferences = (
				02EC2B2224B47B7A006486AC /* XCRemoteSwiftPackageReference "OAuthSwift" */,
				02EC2B2524B47B94006486AC /* XCRemoteSwiftPackageReference "SwiftyJSON" */,
			);
			productRefGroup = 02EC2B0D24B47A7B006486AC /* Products */;
			projectDirPath = "";
			projectRoot = "";
			targets = (
				02EC2B0B24B47A7B006486AC /* Splitwise for Mac */,
				0265E31124B63949003B976F /* Splitwise for iOS */,
			);
		};
/* End PBXProject section */

/* Begin PBXResourcesBuildPhase section */
		0265E31024B63949003B976F /* Resources */ = {
			isa = PBXResourcesBuildPhase;
			buildActionMask = 2147483647;
			files = (
				0265E32124B6394E003B976F /* LaunchScreen.storyboard in Resources */,
				0265E31E24B6394E003B976F /* Preview Assets.xcassets in Resources */,
				0265E31B24B6394E003B976F /* Assets.xcassets in Resources */,
			);
			runOnlyForDeploymentPostprocessing = 0;
		};
		02EC2B0A24B47A7B006486AC /* Resources */ = {
			isa = PBXResourcesBuildPhase;
			buildActionMask = 2147483647;
			files = (
				02EC2B1A24B47A80006486AC /* Main.storyboard in Resources */,
				02EC2B1724B47A80006486AC /* Preview Assets.xcassets in Resources */,
				02EC2B1424B47A80006486AC /* Assets.xcassets in Resources */,
			);
			runOnlyForDeploymentPostprocessing = 0;
		};
/* End PBXResourcesBuildPhase section */

/* Begin PBXSourcesBuildPhase section */
		0265E30E24B63949003B976F /* Sources */ = {
			isa = PBXSourcesBuildPhase;
			buildActionMask = 2147483647;
			files = (
				0265E32624B63A86003B976F /* SplitwiseNetworking.swift in Sources */,
				0265E33924B64252003B976F /* DebtView.swift in Sources */,
				0265E31524B63949003B976F /* AppDelegate.swift in Sources */,
				0265E33C24B642E1003B976F /* ExpensesView.swift in Sources */,
				0265E32924B63A8C003B976F /* Debt.swift in Sources */,
				0265E33124B63AFD003B976F /* Helpers.swift in Sources */,
				0265E31724B63949003B976F /* SceneDelegate.swift in Sources */,
				023F6E7E24B64F2E00FE02B9 /* SettleUpView.swift in Sources */,
				0265E33D24B6443C003B976F /* ExpenseRow.swift in Sources */,
				0265E32A24B63A8E003B976F /* User.swift in Sources */,
				0265E32824B63A8A003B976F /* Group.swift in Sources */,
				0265E32B24B63A90003B976F /* Expense.swift in Sources */,
				0265E34124B64541003B976F /* AddExpenseView.swift in Sources */,
				0265E32724B63A89003B976F /* SplitwiseModel.swift in Sources */,
				0265E33524B63D1D003B976F /* LoggedInView.swift in Sources */,
				0265E31924B63949003B976F /* ContentView.swift in Sources */,
				0265E33824B63F6D003B976F /* GroupDetailView.swift in Sources */,
			);
			runOnlyForDeploymentPostprocessing = 0;
		};
		02EC2B0824B47A7B006486AC /* Sources */ = {
			isa = PBXSourcesBuildPhase;
			buildActionMask = 2147483647;
			files = (
				02E89B1724B4D065007CF587 /* Expense.swift in Sources */,
				02EC2B2C24B47BE3006486AC /* SplitwiseModel.swift in Sources */,
				02EC2B1224B47A7B006486AC /* ContentView.swift in Sources */,
				02EC2B3424B48FE0006486AC /* GroupListView.swift in Sources */,
				02E89B1124B4BCA4007CF587 /* Debt.swift in Sources */,
				02EC2B3024B47C2F006486AC /* User.swift in Sources */,
				02EC2B1024B47A7B006486AC /* AppDelegate.swift in Sources */,
				02EC2B3824B4A350006486AC /* PrefView.swift in Sources */,
				02E89B1F24B4F720007CF587 /* SettleUpView.swift in Sources */,
				02C6D33E24B5F6E20004054E /* AddExpenseView.swift in Sources */,
				02EC2B3624B48FFD006486AC /* GroupDetailView.swift in Sources */,
				02EC2B2E24B47C27006486AC /* Group.swift in Sources */,
				02EC2B2A24B47BD0006486AC /* SplitwiseNetworking.swift in Sources */,
				02E89B1D24B4E82B007CF587 /* ExpenseRow.swift in Sources */,
				02E89B1524B4C3CC007CF587 /* Helpers.swift in Sources */,
				02EC2B3224B48AAC006486AC /* LoggedInView.swift in Sources */,
				02E89B1924B4DCAB007CF587 /* ExpensesTableView.swift in Sources */,
				02E89B1324B4BF22007CF587 /* DebtView.swift in Sources */,
			);
			runOnlyForDeploymentPostprocessing = 0;
		};
/* End PBXSourcesBuildPhase section */

/* Begin PBXVariantGroup section */
		0265E31F24B6394E003B976F /* LaunchScreen.storyboard */ = {
			isa = PBXVariantGroup;
			children = (
				0265E32024B6394E003B976F /* Base */,
			);
			name = LaunchScreen.storyboard;
			sourceTree = "<group>";
		};
		02EC2B1824B47A80006486AC /* Main.storyboard */ = {
			isa = PBXVariantGroup;
			children = (
				02EC2B1924B47A80006486AC /* Base */,
			);
			name = Main.storyboard;
			sourceTree = "<group>";
		};
/* End PBXVariantGroup section */

/* Begin XCBuildConfiguration section */
		0265E32324B6394E003B976F /* Debug */ = {
			isa = XCBuildConfiguration;
			buildSettings = {
				ASSETCATALOG_COMPILER_APPICON_NAME = AppIcon;
				CODE_SIGN_STYLE = Automatic;
				DEVELOPMENT_ASSET_PATHS = "\"iOS/Preview Content\"";
				DEVELOPMENT_TEAM = ZH497CA8QC;
				ENABLE_PREVIEWS = YES;
				INFOPLIST_FILE = iOS/Info.plist;
				IPHONEOS_DEPLOYMENT_TARGET = 13.5;
				LD_RUNPATH_SEARCH_PATHS = (
					"$(inherited)",
					"@executable_path/Frameworks",
				);
				PRODUCT_BUNDLE_IDENTIFIER = mlsgrnt.splitwise;
				PRODUCT_NAME = "$(TARGET_NAME)";
				SDKROOT = iphoneos;
				SWIFT_VERSION = 5.0;
				TARGETED_DEVICE_FAMILY = 1;
			};
			name = Debug;
		};
		0265E32424B6394E003B976F /* Release */ = {
			isa = XCBuildConfiguration;
			buildSettings = {
				ASSETCATALOG_COMPILER_APPICON_NAME = AppIcon;
				CODE_SIGN_STYLE = Automatic;
				DEVELOPMENT_ASSET_PATHS = "\"iOS/Preview Content\"";
				DEVELOPMENT_TEAM = ZH497CA8QC;
				ENABLE_PREVIEWS = YES;
				INFOPLIST_FILE = iOS/Info.plist;
				IPHONEOS_DEPLOYMENT_TARGET = 13.5;
				LD_RUNPATH_SEARCH_PATHS = (
					"$(inherited)",
					"@executable_path/Frameworks",
				);
				PRODUCT_BUNDLE_IDENTIFIER = mlsgrnt.splitwise;
				PRODUCT_NAME = "$(TARGET_NAME)";
				SDKROOT = iphoneos;
				SWIFT_VERSION = 5.0;
				TARGETED_DEVICE_FAMILY = 1;
				VALIDATE_PRODUCT = YES;
			};
			name = Release;
		};
		02EC2B1D24B47A80006486AC /* Debug */ = {
			isa = XCBuildConfiguration;
			buildSettings = {
				ALWAYS_SEARCH_USER_PATHS = NO;
				CLANG_ANALYZER_NONNULL = YES;
				CLANG_ANALYZER_NUMBER_OBJECT_CONVERSION = YES_AGGRESSIVE;
				CLANG_CXX_LANGUAGE_STANDARD = "gnu++14";
				CLANG_CXX_LIBRARY = "libc++";
				CLANG_ENABLE_MODULES = YES;
				CLANG_ENABLE_OBJC_ARC = YES;
				CLANG_ENABLE_OBJC_WEAK = YES;
				CLANG_WARN_BLOCK_CAPTURE_AUTORELEASING = YES;
				CLANG_WARN_BOOL_CONVERSION = YES;
				CLANG_WARN_COMMA = YES;
				CLANG_WARN_CONSTANT_CONVERSION = YES;
				CLANG_WARN_DEPRECATED_OBJC_IMPLEMENTATIONS = YES;
				CLANG_WARN_DIRECT_OBJC_ISA_USAGE = YES_ERROR;
				CLANG_WARN_DOCUMENTATION_COMMENTS = YES;
				CLANG_WARN_EMPTY_BODY = YES;
				CLANG_WARN_ENUM_CONVERSION = YES;
				CLANG_WARN_INFINITE_RECURSION = YES;
				CLANG_WARN_INT_CONVERSION = YES;
				CLANG_WARN_NON_LITERAL_NULL_CONVERSION = YES;
				CLANG_WARN_OBJC_IMPLICIT_RETAIN_SELF = YES;
				CLANG_WARN_OBJC_LITERAL_CONVERSION = YES;
				CLANG_WARN_OBJC_ROOT_CLASS = YES_ERROR;
				CLANG_WARN_RANGE_LOOP_ANALYSIS = YES;
				CLANG_WARN_STRICT_PROTOTYPES = YES;
				CLANG_WARN_SUSPICIOUS_MOVE = YES;
				CLANG_WARN_UNGUARDED_AVAILABILITY = YES_AGGRESSIVE;
				CLANG_WARN_UNREACHABLE_CODE = YES;
				CLANG_WARN__DUPLICATE_METHOD_MATCH = YES;
				COPY_PHASE_STRIP = NO;
				DEBUG_INFORMATION_FORMAT = dwarf;
				ENABLE_STRICT_OBJC_MSGSEND = YES;
				ENABLE_TESTABILITY = YES;
				GCC_C_LANGUAGE_STANDARD = gnu11;
				GCC_DYNAMIC_NO_PIC = NO;
				GCC_NO_COMMON_BLOCKS = YES;
				GCC_OPTIMIZATION_LEVEL = 0;
				GCC_PREPROCESSOR_DEFINITIONS = (
					"DEBUG=1",
					"$(inherited)",
				);
				GCC_WARN_64_TO_32_BIT_CONVERSION = YES;
				GCC_WARN_ABOUT_RETURN_TYPE = YES_ERROR;
				GCC_WARN_UNDECLARED_SELECTOR = YES;
				GCC_WARN_UNINITIALIZED_AUTOS = YES_AGGRESSIVE;
				GCC_WARN_UNUSED_FUNCTION = YES;
				GCC_WARN_UNUSED_VARIABLE = YES;
				MACOSX_DEPLOYMENT_TARGET = 10.15;
				MTL_ENABLE_DEBUG_INFO = INCLUDE_SOURCE;
				MTL_FAST_MATH = YES;
				ONLY_ACTIVE_ARCH = YES;
				PRODUCT_NAME = "Splitwise for Mac";
				SDKROOT = macosx;
				SWIFT_ACTIVE_COMPILATION_CONDITIONS = DEBUG;
				SWIFT_OPTIMIZATION_LEVEL = "-Onone";
			};
			name = Debug;
		};
		02EC2B1E24B47A80006486AC /* Release */ = {
			isa = XCBuildConfiguration;
			buildSettings = {
				ALWAYS_SEARCH_USER_PATHS = NO;
				CLANG_ANALYZER_NONNULL = YES;
				CLANG_ANALYZER_NUMBER_OBJECT_CONVERSION = YES_AGGRESSIVE;
				CLANG_CXX_LANGUAGE_STANDARD = "gnu++14";
				CLANG_CXX_LIBRARY = "libc++";
				CLANG_ENABLE_MODULES = YES;
				CLANG_ENABLE_OBJC_ARC = YES;
				CLANG_ENABLE_OBJC_WEAK = YES;
				CLANG_WARN_BLOCK_CAPTURE_AUTORELEASING = YES;
				CLANG_WARN_BOOL_CONVERSION = YES;
				CLANG_WARN_COMMA = YES;
				CLANG_WARN_CONSTANT_CONVERSION = YES;
				CLANG_WARN_DEPRECATED_OBJC_IMPLEMENTATIONS = YES;
				CLANG_WARN_DIRECT_OBJC_ISA_USAGE = YES_ERROR;
				CLANG_WARN_DOCUMENTATION_COMMENTS = YES;
				CLANG_WARN_EMPTY_BODY = YES;
				CLANG_WARN_ENUM_CONVERSION = YES;
				CLANG_WARN_INFINITE_RECURSION = YES;
				CLANG_WARN_INT_CONVERSION = YES;
				CLANG_WARN_NON_LITERAL_NULL_CONVERSION = YES;
				CLANG_WARN_OBJC_IMPLICIT_RETAIN_SELF = YES;
				CLANG_WARN_OBJC_LITERAL_CONVERSION = YES;
				CLANG_WARN_OBJC_ROOT_CLASS = YES_ERROR;
				CLANG_WARN_RANGE_LOOP_ANALYSIS = YES;
				CLANG_WARN_STRICT_PROTOTYPES = YES;
				CLANG_WARN_SUSPICIOUS_MOVE = YES;
				CLANG_WARN_UNGUARDED_AVAILABILITY = YES_AGGRESSIVE;
				CLANG_WARN_UNREACHABLE_CODE = YES;
				CLANG_WARN__DUPLICATE_METHOD_MATCH = YES;
				COPY_PHASE_STRIP = NO;
				DEBUG_INFORMATION_FORMAT = "dwarf-with-dsym";
				ENABLE_NS_ASSERTIONS = NO;
				ENABLE_STRICT_OBJC_MSGSEND = YES;
				GCC_C_LANGUAGE_STANDARD = gnu11;
				GCC_NO_COMMON_BLOCKS = YES;
				GCC_WARN_64_TO_32_BIT_CONVERSION = YES;
				GCC_WARN_ABOUT_RETURN_TYPE = YES_ERROR;
				GCC_WARN_UNDECLARED_SELECTOR = YES;
				GCC_WARN_UNINITIALIZED_AUTOS = YES_AGGRESSIVE;
				GCC_WARN_UNUSED_FUNCTION = YES;
				GCC_WARN_UNUSED_VARIABLE = YES;
				MACOSX_DEPLOYMENT_TARGET = 10.15;
				MTL_ENABLE_DEBUG_INFO = NO;
				MTL_FAST_MATH = YES;
				PRODUCT_NAME = "Splitwise for Mac";
				SDKROOT = macosx;
				SWIFT_COMPILATION_MODE = wholemodule;
				SWIFT_OPTIMIZATION_LEVEL = "-O";
			};
			name = Release;
		};
		02EC2B2024B47A80006486AC /* Debug */ = {
			isa = XCBuildConfiguration;
			buildSettings = {
				ASSETCATALOG_COMPILER_APPICON_NAME = AppIcon;
				CODE_SIGN_ENTITLEMENTS = macOS/splitwise.entitlements;
				CODE_SIGN_STYLE = Automatic;
				COMBINE_HIDPI_IMAGES = YES;
				DEVELOPMENT_ASSET_PATHS = "\"macOS/Preview Content\"";
				DEVELOPMENT_TEAM = ZH497CA8QC;
				ENABLE_HARDENED_RUNTIME = YES;
				ENABLE_PREVIEWS = YES;
				INFOPLIST_FILE = macOS/Info.plist;
				LD_RUNPATH_SEARCH_PATHS = (
					"$(inherited)",
					"@executable_path/../Frameworks",
				);
				MACOSX_DEPLOYMENT_TARGET = 10.15;
				PRODUCT_BUNDLE_IDENTIFIER = mlsgrnt.splitwise;
				PRODUCT_NAME = Splitwise;
				SWIFT_VERSION = 5.0;
				VERSION_INFO_FILE = 1.0;
			};
			name = Debug;
		};
		02EC2B2124B47A80006486AC /* Release */ = {
			isa = XCBuildConfiguration;
			buildSettings = {
				ASSETCATALOG_COMPILER_APPICON_NAME = AppIcon;
				CODE_SIGN_ENTITLEMENTS = macOS/splitwise.entitlements;
				CODE_SIGN_STYLE = Automatic;
				COMBINE_HIDPI_IMAGES = YES;
				DEVELOPMENT_ASSET_PATHS = "\"macOS/Preview Content\"";
				DEVELOPMENT_TEAM = ZH497CA8QC;
				ENABLE_HARDENED_RUNTIME = YES;
				ENABLE_PREVIEWS = YES;
				INFOPLIST_FILE = macOS/Info.plist;
				LD_RUNPATH_SEARCH_PATHS = (
					"$(inherited)",
					"@executable_path/../Frameworks",
				);
				MACOSX_DEPLOYMENT_TARGET = 10.15;
				PRODUCT_BUNDLE_IDENTIFIER = mlsgrnt.splitwise;
				PRODUCT_NAME = Splitwise;
				SWIFT_VERSION = 5.0;
				VERSION_INFO_FILE = 1.0;
			};
			name = Release;
		};
/* End XCBuildConfiguration section */

/* Begin XCConfigurationList section */
		0265E32524B6394E003B976F /* Build configuration list for PBXNativeTarget "Splitwise for iOS" */ = {
			isa = XCConfigurationList;
			buildConfigurations = (
				0265E32324B6394E003B976F /* Debug */,
				0265E32424B6394E003B976F /* Release */,
			);
			defaultConfigurationIsVisible = 0;
			defaultConfigurationName = Release;
		};
		02EC2B0724B47A7B006486AC /* Build configuration list for PBXProject "splitwise" */ = {
			isa = XCConfigurationList;
			buildConfigurations = (
				02EC2B1D24B47A80006486AC /* Debug */,
				02EC2B1E24B47A80006486AC /* Release */,
			);
			defaultConfigurationIsVisible = 0;
			defaultConfigurationName = Release;
		};
		02EC2B1F24B47A80006486AC /* Build configuration list for PBXNativeTarget "Splitwise for Mac" */ = {
			isa = XCConfigurationList;
			buildConfigurations = (
				02EC2B2024B47A80006486AC /* Debug */,
				02EC2B2124B47A80006486AC /* Release */,
			);
			defaultConfigurationIsVisible = 0;
			defaultConfigurationName = Release;
		};
/* End XCConfigurationList section */

/* Begin XCRemoteSwiftPackageReference section */
		02EC2B2224B47B7A006486AC /* XCRemoteSwiftPackageReference "OAuthSwift" */ = {
			isa = XCRemoteSwiftPackageReference;
			repositoryURL = "https://github.com/OAuthSwift/OAuthSwift";
			requirement = {
				kind = upToNextMajorVersion;
				minimumVersion = 2.1.2;
			};
		};
		02EC2B2524B47B94006486AC /* XCRemoteSwiftPackageReference "SwiftyJSON" */ = {
			isa = XCRemoteSwiftPackageReference;
			repositoryURL = "https://github.com/SwiftyJSON/SwiftyJSON";
			requirement = {
				kind = upToNextMajorVersion;
				minimumVersion = 5.0.0;
			};
		};
/* End XCRemoteSwiftPackageReference section */

/* Begin XCSwiftPackageProductDependency section */
		0265E32D24B63AB5003B976F /* OAuthSwift */ = {
			isa = XCSwiftPackageProductDependency;
			package = 02EC2B2224B47B7A006486AC /* XCRemoteSwiftPackageReference "OAuthSwift" */;
			productName = OAuthSwift;
		};
		0265E32F24B63AB9003B976F /* SwiftyJSON */ = {
			isa = XCSwiftPackageProductDependency;
			package = 02EC2B2524B47B94006486AC /* XCRemoteSwiftPackageReference "SwiftyJSON" */;
			productName = SwiftyJSON;
		};
		02EC2B2324B47B7A006486AC /* OAuthSwift */ = {
			isa = XCSwiftPackageProductDependency;
			package = 02EC2B2224B47B7A006486AC /* XCRemoteSwiftPackageReference "OAuthSwift" */;
			productName = OAuthSwift;
		};
		02EC2B2624B47B94006486AC /* SwiftyJSON */ = {
			isa = XCSwiftPackageProductDependency;
			package = 02EC2B2524B47B94006486AC /* XCRemoteSwiftPackageReference "SwiftyJSON" */;
			productName = SwiftyJSON;
		};
/* End XCSwiftPackageProductDependency section */
	};
	rootObject = 02EC2B0424B47A7B006486AC /* Project object */;
}
